
Microsoft Visual Studio Solution File, Format Version 12.00
# Visual Studio 14
VisualStudioVersion = 14.0.25123.0
MinimumVisualStudioVersion = 10.0.40219.1
Project("{FAE04EC0-301F-11D3-BF4B-00C04F79EFBC}") = "SIoC.core", "SIoC.core\SIoC.core.csproj", "{FBC2D1FC-D7FE-4E82-AF2B-B002DB875847}"
EndProject
Project("{2150E333-8FDC-42A3-9474-1A3956D46DE8}") = "zzzTests", "zzzTests", "{D117456F-19AE-4818-BA11-DCAD9D49F874}"
EndProject
Project("{FAE04EC0-301F-11D3-BF4B-00C04F79EFBC}") = "ConsoleTest", "ConsoleTest\ConsoleTest.csproj", "{D9EE554B-DC3F-4290-B061-4FFB2820BA8D}"
EndProject
Project("{FAE04EC0-301F-11D3-BF4B-00C04F79EFBC}") = "SIoC.WebApi", "SIoC.WebApi\SIoC.WebApi.csproj", "{9A8DD7C6-EE86-419E-AC5A-44AA3E85EA68}"
EndProject
Project("{FAE04EC0-301F-11D3-BF4B-00C04F79EFBC}") = "WebApiTestIIS", "WebApiTestIIS\WebApiTestIIS.csproj", "{7523E86F-B552-4F5F-BB35-F691367CAB81}"
EndProject
Project("{2150E333-8FDC-42A3-9474-1A3956D46DE8}") = "core", "core", "{44C0AA46-B11C-419F-924F-5B22824F0426}"
EndProject
Project("{2150E333-8FDC-42A3-9474-1A3956D46DE8}") = "WebApi", "WebApi", "{6B245C30-C533-4BAA-9386-FFE1DAFC8915}"
EndProject
Project("{FAE04EC0-301F-11D3-BF4B-00C04F79EFBC}") = "SIoC.NancyFx", "SIoC.NancyFx\SIoC.NancyFx.csproj", "{EDB5F52A-0B57-4181-9697-CC8B76EA89BE}"
EndProject
Project("{2150E333-8FDC-42A3-9474-1A3956D46DE8}") = "Nancy", "Nancy", "{FCB97F95-46F4-4029-85ED-BA39C0BCB21E}"
EndProject
Project("{FAE04EC0-301F-11D3-BF4B-00C04F79EFBC}") = "NancyTest", "NancyTest\NancyTest.csproj", "{665E29F4-A67B-4C71-87C3-1A8BC6948F6E}"
EndProject
Global
	GlobalSection(SolutionConfigurationPlatforms) = preSolution
		Debug|Any CPU = Debug|Any CPU
		Release|Any CPU = Release|Any CPU
	EndGlobalSection
	GlobalSection(ProjectConfigurationPlatforms) = postSolution
		{FBC2D1FC-D7FE-4E82-AF2B-B002DB875847}.Debug|Any CPU.ActiveCfg = Debug|Any CPU
		{FBC2D1FC-D7FE-4E82-AF2B-B002DB875847}.Debug|Any CPU.Build.0 = Debug|Any CPU
		{FBC2D1FC-D7FE-4E82-AF2B-B002DB875847}.Release|Any CPU.ActiveCfg = Release|Any CPU
		{FBC2D1FC-D7FE-4E82-AF2B-B002DB875847}.Release|Any CPU.Build.0 = Release|Any CPU
		{D9EE554B-DC3F-4290-B061-4FFB2820BA8D}.Debug|Any CPU.ActiveCfg = Debug|Any CPU
		{D9EE554B-DC3F-4290-B061-4FFB2820BA8D}.Debug|Any CPU.Build.0 = Debug|Any CPU
		{D9EE554B-DC3F-4290-B061-4FFB2820BA8D}.Release|Any CPU.ActiveCfg = Release|Any CPU
		{D9EE554B-DC3F-4290-B061-4FFB2820BA8D}.Release|Any CPU.Build.0 = Release|Any CPU
		{9A8DD7C6-EE86-419E-AC5A-44AA3E85EA68}.Debug|Any CPU.ActiveCfg = Debug|Any CPU
		{9A8DD7C6-EE86-419E-AC5A-44AA3E85EA68}.Debug|Any CPU.Build.0 = Debug|Any CPU
		{9A8DD7C6-EE86-419E-AC5A-44AA3E85EA68}.Release|Any CPU.ActiveCfg = Release|Any CPU
		{9A8DD7C6-EE86-419E-AC5A-44AA3E85EA68}.Release|Any CPU.Build.0 = Release|Any CPU
		{7523E86F-B552-4F5F-BB35-F691367CAB81}.Debug|Any CPU.ActiveCfg = Debug|Any CPU
		{7523E86F-B552-4F5F-BB35-F691367CAB81}.Debug|Any CPU.Build.0 = Debug|Any CPU
		{7523E86F-B552-4F5F-BB35-F691367CAB81}.Release|Any CPU.ActiveCfg = Release|Any CPU
		{7523E86F-B552-4F5F-BB35-F691367CAB81}.Release|Any CPU.Build.0 = Release|Any CPU
		{EDB5F52A-0B57-4181-9697-CC8B76EA89BE}.Debug|Any CPU.ActiveCfg = Debug|Any CPU
		{EDB5F52A-0B57-4181-9697-CC8B76EA89BE}.Debug|Any CPU.Build.0 = Debug|Any CPU
		{EDB5F52A-0B57-4181-9697-CC8B76EA89BE}.Release|Any CPU.ActiveCfg = Release|Any CPU
		{EDB5F52A-0B57-4181-9697-CC8B76EA89BE}.Release|Any CPU.Build.0 = Release|Any CPU
		{665E29F4-A67B-4C71-87C3-1A8BC6948F6E}.Debug|Any CPU.ActiveCfg = Debug|Any CPU
		{665E29F4-A67B-4C71-87C3-1A8BC6948F6E}.Debug|Any CPU.Build.0 = Debug|Any CPU
		{665E29F4-A67B-4C71-87C3-1A8BC6948F6E}.Release|Any CPU.ActiveCfg = Release|Any CPU
		{665E29F4-A67B-4C71-87C3-1A8BC6948F6E}.Release|Any CPU.Build.0 = Release|Any CPU
	EndGlobalSection
	GlobalSection(SolutionProperties) = preSolution
		HideSolutionNode = FALSE
	EndGlobalSection
	GlobalSection(NestedProjects) = preSolution
		{FBC2D1FC-D7FE-4E82-AF2B-B002DB875847} = {44C0AA46-B11C-419F-924F-5B22824F0426}
		{D9EE554B-DC3F-4290-B061-4FFB2820BA8D} = {D117456F-19AE-4818-BA11-DCAD9D49F874}
		{9A8DD7C6-EE86-419E-AC5A-44AA3E85EA68} = {6B245C30-C533-4BAA-9386-FFE1DAFC8915}
		{7523E86F-B552-4F5F-BB35-F691367CAB81} = {D117456F-19AE-4818-BA11-DCAD9D49F874}
		{EDB5F52A-0B57-4181-9697-CC8B76EA89BE} = {FCB97F95-46F4-4029-85ED-BA39C0BCB21E}
		{665E29F4-A67B-4C71-87C3-1A8BC6948F6E} = {D117456F-19AE-4818-BA11-DCAD9D49F874}
	EndGlobalSection
EndGlobal
